
Microsoft Visual Studio Solution File, Format Version 12.00
# Visual Studio Version 16
VisualStudioVersion = 16.0.29519.87
MinimumVisualStudioVersion = 10.0.40219.1
Project("{8BC9CEB8-8B4A-11D0-8D11-00A0C91BC942}") = "Test", "Test.vcxproj", "{4ECCA3BF-032D-45EE-87D1-194FF7D6C371}"
EndProject
Project("{8BC9CEB8-8B4A-11D0-8D11-00A0C91BC942}") = "while_demo", "..\while_demo\while_demo.vcxproj", "{F2E42BF6-A230-4543-8DAA-2BF9D5ABE501}"
EndProject
Project("{8BC9CEB8-8B4A-11D0-8D11-00A0C91BC942}") = "for_demo(后裔射日)", "..\for_demo(后裔射日)\for_demo(后裔射日).vcxproj", "{6FEC9933-C784-4E05-9CE9-26C254553271}"
EndProject
Project("{8BC9CEB8-8B4A-11D0-8D11-00A0C91BC942}") = "do_while", "..\do_while\do_while.vcxproj", "{5A913740-B656-44C5-9C2C-F859F7245775}"
EndProject
Project("{8BC9CEB8-8B4A-11D0-8D11-00A0C91BC942}") = "continue_demo", "..\continue_demo\continue_demo.vcxproj", "{4575415A-55B0-44DD-9B96-630973082E53}"
EndProject
Project("{8BC9CEB8-8B4A-11D0-8D11-00A0C91BC942}") = "goto_demo", "..\goto_demo\goto_demo.vcxproj", "{1096FFF7-E5C8-4EAF-AE64-7D7A81CB8806}"
EndProject
Project("{8BC9CEB8-8B4A-11D0-8D11-00A0C91BC942}") = "循环嵌套", "..\循环嵌套\循环嵌套.vcxproj", "{AEDB08E3-69AD-411A-8987-671FF64FEF45}"
EndProject
Project("{8BC9CEB8-8B4A-11D0-8D11-00A0C91BC942}") = "Rock_Test", "..\Rock_Test\Rock_Test.vcxproj", "{C193C4A7-DDCA-4380-B006-464DFFF219D7}"
EndProject
Global
	GlobalSection(SolutionConfigurationPlatforms) = preSolution
		Debug|x64 = Debug|x64
		Debug|x86 = Debug|x86
		Release|x64 = Release|x64
		Release|x86 = Release|x86
	EndGlobalSection
	GlobalSection(ProjectConfigurationPlatforms) = postSolution
		{4ECCA3BF-032D-45EE-87D1-194FF7D6C371}.Debug|x64.ActiveCfg = Debug|x64
		{4ECCA3BF-032D-45EE-87D1-194FF7D6C371}.Debug|x64.Build.0 = Debug|x64
		{4ECCA3BF-032D-45EE-87D1-194FF7D6C371}.Debug|x86.ActiveCfg = Debug|Win32
		{4ECCA3BF-032D-45EE-87D1-194FF7D6C371}.Debug|x86.Build.0 = Debug|Win32
		{4ECCA3BF-032D-45EE-87D1-194FF7D6C371}.Release|x64.ActiveCfg = Release|x64
		{4ECCA3BF-032D-45EE-87D1-194FF7D6C371}.Release|x64.Build.0 = Release|x64
		{4ECCA3BF-032D-45EE-87D1-194FF7D6C371}.Release|x86.ActiveCfg = Release|Win32
		{4ECCA3BF-032D-45EE-87D1-194FF7D6C371}.Release|x86.Build.0 = Release|Win32
		{F2E42BF6-A230-4543-8DAA-2BF9D5ABE501}.Debug|x64.ActiveCfg = Debug|x64
		{F2E42BF6-A230-4543-8DAA-2BF9D5ABE501}.Debug|x64.Build.0 = Debug|x64
		{F2E42BF6-A230-4543-8DAA-2BF9D5ABE501}.Debug|x86.ActiveCfg = Debug|Win32
		{F2E42BF6-A230-4543-8DAA-2BF9D5ABE501}.Debug|x86.Build.0 = Debug|Win32
		{F2E42BF6-A230-4543-8DAA-2BF9D5ABE501}.Release|x64.ActiveCfg = Release|x64
		{F2E42BF6-A230-4543-8DAA-2BF9D5ABE501}.Release|x64.Build.0 = Release|x64
		{F2E42BF6-A230-4543-8DAA-2BF9D5ABE501}.Release|x86.ActiveCfg = Release|Win32
		{F2E42BF6-A230-4543-8DAA-2BF9D5ABE501}.Release|x86.Build.0 = Release|Win32
		{6FEC9933-C784-4E05-9CE9-26C254553271}.Debug|x64.ActiveCfg = Debug|x64
		{6FEC9933-C784-4E05-9CE9-26C254553271}.Debug|x64.Build.0 = Debug|x64
		{6FEC9933-C784-4E05-9CE9-26C254553271}.Debug|x86.ActiveCfg = Debug|Win32
		{6FEC9933-C784-4E05-9CE9-26C254553271}.Debug|x86.Build.0 = Debug|Win32
		{6FEC9933-C784-4E05-9CE9-26C254553271}.Release|x64.ActiveCfg = Release|x64
		{6FEC9933-C784-4E05-9CE9-26C254553271}.Release|x64.Build.0 = Release|x64
		{6FEC9933-C784-4E05-9CE9-26C254553271}.Release|x86.ActiveCfg = Release|Win32
		{6FEC9933-C784-4E05-9CE9-26C254553271}.Release|x86.Build.0 = Release|Win32
		{5A913740-B656-44C5-9C2C-F859F7245775}.Debug|x64.ActiveCfg = Debug|x64
		{5A913740-B656-44C5-9C2C-F859F7245775}.Debug|x64.Build.0 = Debug|x64
		{5A913740-B656-44C5-9C2C-F859F7245775}.Debug|x86.ActiveCfg = Debug|Win32
		{5A913740-B656-44C5-9C2C-F859F7245775}.Debug|x86.Build.0 = Debug|Win32
		{5A913740-B656-44C5-9C2C-F859F7245775}.Release|x64.ActiveCfg = Release|x64
		{5A913740-B656-44C5-9C2C-F859F7245775}.Release|x64.Build.0 = Release|x64
		{5A913740-B656-44C5-9C2C-F859F7245775}.Release|x86.ActiveCfg = Release|Win32
		{5A913740-B656-44C5-9C2C-F859F7245775}.Release|x86.Build.0 = Release|Win32
		{4575415A-55B0-44DD-9B96-630973082E53}.Debug|x64.ActiveCfg = Debug|x64
		{4575415A-55B0-44DD-9B96-630973082E53}.Debug|x64.Build.0 = Debug|x64
		{4575415A-55B0-44DD-9B96-630973082E53}.Debug|x86.ActiveCfg = Debug|Win32
		{4575415A-55B0-44DD-9B96-630973082E53}.Debug|x86.Build.0 = Debug|Win32
		{4575415A-55B0-44DD-9B96-630973082E53}.Release|x64.ActiveCfg = Release|x64
		{4575415A-55B0-44DD-9B96-630973082E53}.Release|x64.Build.0 = Release|x64
		{4575415A-55B0-44DD-9B96-630973082E53}.Release|x86.ActiveCfg = Release|Win32
		{4575415A-55B0-44DD-9B96-630973082E53}.Release|x86.Build.0 = Release|Win32
		{1096FFF7-E5C8-4EAF-AE64-7D7A81CB8806}.Debug|x64.ActiveCfg = Debug|x64
		{1096FFF7-E5C8-4EAF-AE64-7D7A81CB8806}.Debug|x64.Build.0 = Debug|x64
		{1096FFF7-E5C8-4EAF-AE64-7D7A81CB8806}.Debug|x86.ActiveCfg = Debug|Win32
		{1096FFF7-E5C8-4EAF-AE64-7D7A81CB8806}.Debug|x86.Build.0 = Debug|Win32
		{1096FFF7-E5C8-4EAF-AE64-7D7A81CB8806}.Release|x64.ActiveCfg = Release|x64
		{1096FFF7-E5C8-4EAF-AE64-7D7A81CB8806}.Release|x64.Build.0 = Release|x64
		{1096FFF7-E5C8-4EAF-AE64-7D7A81CB8806}.Release|x86.ActiveCfg = Release|Win32
		{1096FFF7-E5C8-4EAF-AE64-7D7A81CB8806}.Release|x86.Build.0 = Release|Win32
		{AEDB08E3-69AD-411A-8987-671FF64FEF45}.Debug|x64.ActiveCfg = Debug|x64
		{AEDB08E3-69AD-411A-8987-671FF64FEF45}.Debug|x64.Build.0 = Debug|x64
		{AEDB08E3-69AD-411A-8987-671FF64FEF45}.Debug|x86.ActiveCfg = Debug|Win32
		{AEDB08E3-69AD-411A-8987-671FF64FEF45}.Debug|x86.Build.0 = Debug|Win32
		{AEDB08E3-69AD-411A-8987-671FF64FEF45}.Release|x64.ActiveCfg = Release|x64
		{AEDB08E3-69AD-411A-8987-671FF64FEF45}.Release|x64.Build.0 = Release|x64
		{AEDB08E3-69AD-411A-8987-671FF64FEF45}.Release|x86.ActiveCfg = Release|Win32
		{AEDB08E3-69AD-411A-8987-671FF64FEF45}.Release|x86.Build.0 = Release|Win32
		{C193C4A7-DDCA-4380-B006-464DFFF219D7}.Debug|x64.ActiveCfg = Debug|x64
		{C193C4A7-DDCA-4380-B006-464DFFF219D7}.Debug|x64.Build.0 = Debug|x64
		{C193C4A7-DDCA-4380-B006-464DFFF219D7}.Debug|x86.ActiveCfg = Debug|Win32
		{C193C4A7-DDCA-4380-B006-464DFFF219D7}.Debug|x86.Build.0 = Debug|Win32
		{C193C4A7-DDCA-4380-B006-464DFFF219D7}.Release|x64.ActiveCfg = Release|x64
		{C193C4A7-DDCA-4380-B006-464DFFF219D7}.Release|x64.Build.0 = Release|x64
		{C193C4A7-DDCA-4380-B006-464DFFF219D7}.Release|x86.ActiveCfg = Release|Win32
		{C193C4A7-DDCA-4380-B006-464DFFF219D7}.Release|x86.Build.0 = Release|Win32
	EndGlobalSection
	GlobalSection(SolutionProperties) = preSolution
		HideSolutionNode = FALSE
	EndGlobalSection
	GlobalSection(ExtensibilityGlobals) = postSolution
		SolutionGuid = {7C2FF0E1-D4E9-408F-B267-0BBB665F155E}
	EndGlobalSection
EndGlobal
