
Microsoft Visual Studio Solution File, Format Version 12.00
# Visual Studio Version 16
VisualStudioVersion = 16.0.29926.136
MinimumVisualStudioVersion = 10.0.40219.1
Project("{8BC9CEB8-8B4A-11D0-8D11-00A0C91BC942}") = "类模板语法", "..\类模板语法\类模板语法.vcxproj", "{161586F2-E917-40FE-AAD6-97E4C25DE20F}"
EndProject
Project("{8BC9CEB8-8B4A-11D0-8D11-00A0C91BC942}") = "模板函数和函数重载", "..\模板函数和函数重载\模板函数和函数重载.vcxproj", "{7EDE68BC-1F5A-4F85-8337-E132289F818C}"
EndProject
Project("{8BC9CEB8-8B4A-11D0-8D11-00A0C91BC942}") = "继承模板的使用", "..\继承模板的使用\继承模板的使用.vcxproj", "{EC6894A0-F328-4D73-984E-C84E8045E986}"
EndProject
Project("{8BC9CEB8-8B4A-11D0-8D11-00A0C91BC942}") = "函数模板", "函数模板.vcxproj", "{5E0AE2B4-2593-4AB5-8E59-07E7AB57A7EE}"
EndProject
Project("{8BC9CEB8-8B4A-11D0-8D11-00A0C91BC942}") = "类模板函数的三种表达", "..\类模板函数的三种表达\类模板函数的三种表达.vcxproj", "{ABBF8168-93A8-4DA1-A34C-803615ED64E9}"
EndProject
Project("{8BC9CEB8-8B4A-11D0-8D11-00A0C91BC942}") = "类模板函数和头文件", "..\类模板函数和头文件\类模板函数和头文件.vcxproj", "{A83FC604-A4F8-4F5E-AE89-1E0D31BF7613}"
EndProject
Project("{8BC9CEB8-8B4A-11D0-8D11-00A0C91BC942}") = "类模板和友元函数", "..\类模板和友元函数\类模板和友元函数.vcxproj", "{A12B110E-FF95-42FC-B753-D97AE596577E}"
EndProject
Project("{8BC9CEB8-8B4A-11D0-8D11-00A0C91BC942}") = "类模板和static静态成员", "..\类模板和static静态成员\类模板和static静态成员.vcxproj", "{B3D40538-35CE-42FE-B53F-057A635B9C31}"
EndProject
Project("{8BC9CEB8-8B4A-11D0-8D11-00A0C91BC942}") = "类模板实战", "..\类模板实战\类模板实战.vcxproj", "{BD58FF6E-D12D-4E1C-95FE-69121634B220}"
EndProject
Project("{8BC9CEB8-8B4A-11D0-8D11-00A0C91BC942}") = "传统错误处理机制", "..\传统错误处理机制\传统错误处理机制.vcxproj", "{903CE94A-AFA4-4412-88E1-9EF48B8FC246}"
EndProject
Project("{8BC9CEB8-8B4A-11D0-8D11-00A0C91BC942}") = "C++异常处理机制", "..\C++异常处理机制\C++异常处理机制.vcxproj", "{16262CA6-6D1A-48D3-B8F1-42A9D8F02084}"
EndProject
Project("{8BC9CEB8-8B4A-11D0-8D11-00A0C91BC942}") = "异常处理接口的声明", "..\异常处理接口的声明\异常处理接口的声明.vcxproj", "{909502E4-E191-43B7-8340-3F758EC4B804}"
EndProject
Project("{8BC9CEB8-8B4A-11D0-8D11-00A0C91BC942}") = "异常类型和生命周期", "..\异常类型和生命周期\异常类型和生命周期.vcxproj", "{0B5F471C-E58F-4087-A557-D1136E090D42}"
EndProject
Project("{8BC9CEB8-8B4A-11D0-8D11-00A0C91BC942}") = "异常与继承", "..\异常与继承\异常与继承.vcxproj", "{7B6D33BB-36BE-462E-A5DC-28A532E9DECD}"
EndProject
Project("{8BC9CEB8-8B4A-11D0-8D11-00A0C91BC942}") = "标准程序库异常", "..\标准程序库异常\标准程序库异常.vcxproj", "{9BC66F1B-A4B1-48CF-8380-C012BC551C9C}"
EndProject
Project("{8BC9CEB8-8B4A-11D0-8D11-00A0C91BC942}") = "初始STL", "..\初始STL\初始STL.vcxproj", "{1803E6D9-5559-4E69-984D-0D3B684FE02E}"
EndProject
Global
	GlobalSection(SolutionConfigurationPlatforms) = preSolution
		Debug|x64 = Debug|x64
		Debug|x86 = Debug|x86
		Release|x64 = Release|x64
		Release|x86 = Release|x86
	EndGlobalSection
	GlobalSection(ProjectConfigurationPlatforms) = postSolution
		{161586F2-E917-40FE-AAD6-97E4C25DE20F}.Debug|x64.ActiveCfg = Debug|x64
		{161586F2-E917-40FE-AAD6-97E4C25DE20F}.Debug|x64.Build.0 = Debug|x64
		{161586F2-E917-40FE-AAD6-97E4C25DE20F}.Debug|x86.ActiveCfg = Debug|Win32
		{161586F2-E917-40FE-AAD6-97E4C25DE20F}.Debug|x86.Build.0 = Debug|Win32
		{161586F2-E917-40FE-AAD6-97E4C25DE20F}.Release|x64.ActiveCfg = Release|x64
		{161586F2-E917-40FE-AAD6-97E4C25DE20F}.Release|x64.Build.0 = Release|x64
		{161586F2-E917-40FE-AAD6-97E4C25DE20F}.Release|x86.ActiveCfg = Release|Win32
		{161586F2-E917-40FE-AAD6-97E4C25DE20F}.Release|x86.Build.0 = Release|Win32
		{7EDE68BC-1F5A-4F85-8337-E132289F818C}.Debug|x64.ActiveCfg = Debug|x64
		{7EDE68BC-1F5A-4F85-8337-E132289F818C}.Debug|x64.Build.0 = Debug|x64
		{7EDE68BC-1F5A-4F85-8337-E132289F818C}.Debug|x86.ActiveCfg = Debug|Win32
		{7EDE68BC-1F5A-4F85-8337-E132289F818C}.Debug|x86.Build.0 = Debug|Win32
		{7EDE68BC-1F5A-4F85-8337-E132289F818C}.Release|x64.ActiveCfg = Release|x64
		{7EDE68BC-1F5A-4F85-8337-E132289F818C}.Release|x64.Build.0 = Release|x64
		{7EDE68BC-1F5A-4F85-8337-E132289F818C}.Release|x86.ActiveCfg = Release|Win32
		{7EDE68BC-1F5A-4F85-8337-E132289F818C}.Release|x86.Build.0 = Release|Win32
		{EC6894A0-F328-4D73-984E-C84E8045E986}.Debug|x64.ActiveCfg = Debug|x64
		{EC6894A0-F328-4D73-984E-C84E8045E986}.Debug|x64.Build.0 = Debug|x64
		{EC6894A0-F328-4D73-984E-C84E8045E986}.Debug|x86.ActiveCfg = Debug|Win32
		{EC6894A0-F328-4D73-984E-C84E8045E986}.Debug|x86.Build.0 = Debug|Win32
		{EC6894A0-F328-4D73-984E-C84E8045E986}.Release|x64.ActiveCfg = Release|x64
		{EC6894A0-F328-4D73-984E-C84E8045E986}.Release|x64.Build.0 = Release|x64
		{EC6894A0-F328-4D73-984E-C84E8045E986}.Release|x86.ActiveCfg = Release|Win32
		{EC6894A0-F328-4D73-984E-C84E8045E986}.Release|x86.Build.0 = Release|Win32
		{5E0AE2B4-2593-4AB5-8E59-07E7AB57A7EE}.Debug|x64.ActiveCfg = Debug|x64
		{5E0AE2B4-2593-4AB5-8E59-07E7AB57A7EE}.Debug|x64.Build.0 = Debug|x64
		{5E0AE2B4-2593-4AB5-8E59-07E7AB57A7EE}.Debug|x86.ActiveCfg = Debug|Win32
		{5E0AE2B4-2593-4AB5-8E59-07E7AB57A7EE}.Debug|x86.Build.0 = Debug|Win32
		{5E0AE2B4-2593-4AB5-8E59-07E7AB57A7EE}.Release|x64.ActiveCfg = Release|x64
		{5E0AE2B4-2593-4AB5-8E59-07E7AB57A7EE}.Release|x64.Build.0 = Release|x64
		{5E0AE2B4-2593-4AB5-8E59-07E7AB57A7EE}.Release|x86.ActiveCfg = Release|Win32
		{5E0AE2B4-2593-4AB5-8E59-07E7AB57A7EE}.Release|x86.Build.0 = Release|Win32
		{ABBF8168-93A8-4DA1-A34C-803615ED64E9}.Debug|x64.ActiveCfg = Debug|x64
		{ABBF8168-93A8-4DA1-A34C-803615ED64E9}.Debug|x64.Build.0 = Debug|x64
		{ABBF8168-93A8-4DA1-A34C-803615ED64E9}.Debug|x86.ActiveCfg = Debug|Win32
		{ABBF8168-93A8-4DA1-A34C-803615ED64E9}.Debug|x86.Build.0 = Debug|Win32
		{ABBF8168-93A8-4DA1-A34C-803615ED64E9}.Release|x64.ActiveCfg = Release|x64
		{ABBF8168-93A8-4DA1-A34C-803615ED64E9}.Release|x64.Build.0 = Release|x64
		{ABBF8168-93A8-4DA1-A34C-803615ED64E9}.Release|x86.ActiveCfg = Release|Win32
		{ABBF8168-93A8-4DA1-A34C-803615ED64E9}.Release|x86.Build.0 = Release|Win32
		{A83FC604-A4F8-4F5E-AE89-1E0D31BF7613}.Debug|x64.ActiveCfg = Debug|x64
		{A83FC604-A4F8-4F5E-AE89-1E0D31BF7613}.Debug|x64.Build.0 = Debug|x64
		{A83FC604-A4F8-4F5E-AE89-1E0D31BF7613}.Debug|x86.ActiveCfg = Debug|Win32
		{A83FC604-A4F8-4F5E-AE89-1E0D31BF7613}.Debug|x86.Build.0 = Debug|Win32
		{A83FC604-A4F8-4F5E-AE89-1E0D31BF7613}.Release|x64.ActiveCfg = Release|x64
		{A83FC604-A4F8-4F5E-AE89-1E0D31BF7613}.Release|x64.Build.0 = Release|x64
		{A83FC604-A4F8-4F5E-AE89-1E0D31BF7613}.Release|x86.ActiveCfg = Release|Win32
		{A83FC604-A4F8-4F5E-AE89-1E0D31BF7613}.Release|x86.Build.0 = Release|Win32
		{A12B110E-FF95-42FC-B753-D97AE596577E}.Debug|x64.ActiveCfg = Debug|x64
		{A12B110E-FF95-42FC-B753-D97AE596577E}.Debug|x64.Build.0 = Debug|x64
		{A12B110E-FF95-42FC-B753-D97AE596577E}.Debug|x86.ActiveCfg = Debug|Win32
		{A12B110E-FF95-42FC-B753-D97AE596577E}.Debug|x86.Build.0 = Debug|Win32
		{A12B110E-FF95-42FC-B753-D97AE596577E}.Release|x64.ActiveCfg = Release|x64
		{A12B110E-FF95-42FC-B753-D97AE596577E}.Release|x64.Build.0 = Release|x64
		{A12B110E-FF95-42FC-B753-D97AE596577E}.Release|x86.ActiveCfg = Release|Win32
		{A12B110E-FF95-42FC-B753-D97AE596577E}.Release|x86.Build.0 = Release|Win32
		{B3D40538-35CE-42FE-B53F-057A635B9C31}.Debug|x64.ActiveCfg = Debug|x64
		{B3D40538-35CE-42FE-B53F-057A635B9C31}.Debug|x64.Build.0 = Debug|x64
		{B3D40538-35CE-42FE-B53F-057A635B9C31}.Debug|x86.ActiveCfg = Debug|Win32
		{B3D40538-35CE-42FE-B53F-057A635B9C31}.Debug|x86.Build.0 = Debug|Win32
		{B3D40538-35CE-42FE-B53F-057A635B9C31}.Release|x64.ActiveCfg = Release|x64
		{B3D40538-35CE-42FE-B53F-057A635B9C31}.Release|x64.Build.0 = Release|x64
		{B3D40538-35CE-42FE-B53F-057A635B9C31}.Release|x86.ActiveCfg = Release|Win32
		{B3D40538-35CE-42FE-B53F-057A635B9C31}.Release|x86.Build.0 = Release|Win32
		{BD58FF6E-D12D-4E1C-95FE-69121634B220}.Debug|x64.ActiveCfg = Debug|x64
		{BD58FF6E-D12D-4E1C-95FE-69121634B220}.Debug|x64.Build.0 = Debug|x64
		{BD58FF6E-D12D-4E1C-95FE-69121634B220}.Debug|x86.ActiveCfg = Debug|Win32
		{BD58FF6E-D12D-4E1C-95FE-69121634B220}.Debug|x86.Build.0 = Debug|Win32
		{BD58FF6E-D12D-4E1C-95FE-69121634B220}.Release|x64.ActiveCfg = Release|x64
		{BD58FF6E-D12D-4E1C-95FE-69121634B220}.Release|x64.Build.0 = Release|x64
		{BD58FF6E-D12D-4E1C-95FE-69121634B220}.Release|x86.ActiveCfg = Release|Win32
		{BD58FF6E-D12D-4E1C-95FE-69121634B220}.Release|x86.Build.0 = Release|Win32
		{903CE94A-AFA4-4412-88E1-9EF48B8FC246}.Debug|x64.ActiveCfg = Debug|x64
		{903CE94A-AFA4-4412-88E1-9EF48B8FC246}.Debug|x64.Build.0 = Debug|x64
		{903CE94A-AFA4-4412-88E1-9EF48B8FC246}.Debug|x86.ActiveCfg = Debug|Win32
		{903CE94A-AFA4-4412-88E1-9EF48B8FC246}.Debug|x86.Build.0 = Debug|Win32
		{903CE94A-AFA4-4412-88E1-9EF48B8FC246}.Release|x64.ActiveCfg = Release|x64
		{903CE94A-AFA4-4412-88E1-9EF48B8FC246}.Release|x64.Build.0 = Release|x64
		{903CE94A-AFA4-4412-88E1-9EF48B8FC246}.Release|x86.ActiveCfg = Release|Win32
		{903CE94A-AFA4-4412-88E1-9EF48B8FC246}.Release|x86.Build.0 = Release|Win32
		{16262CA6-6D1A-48D3-B8F1-42A9D8F02084}.Debug|x64.ActiveCfg = Debug|x64
		{16262CA6-6D1A-48D3-B8F1-42A9D8F02084}.Debug|x64.Build.0 = Debug|x64
		{16262CA6-6D1A-48D3-B8F1-42A9D8F02084}.Debug|x86.ActiveCfg = Debug|Win32
		{16262CA6-6D1A-48D3-B8F1-42A9D8F02084}.Debug|x86.Build.0 = Debug|Win32
		{16262CA6-6D1A-48D3-B8F1-42A9D8F02084}.Release|x64.ActiveCfg = Release|x64
		{16262CA6-6D1A-48D3-B8F1-42A9D8F02084}.Release|x64.Build.0 = Release|x64
		{16262CA6-6D1A-48D3-B8F1-42A9D8F02084}.Release|x86.ActiveCfg = Release|Win32
		{16262CA6-6D1A-48D3-B8F1-42A9D8F02084}.Release|x86.Build.0 = Release|Win32
		{909502E4-E191-43B7-8340-3F758EC4B804}.Debug|x64.ActiveCfg = Debug|x64
		{909502E4-E191-43B7-8340-3F758EC4B804}.Debug|x64.Build.0 = Debug|x64
		{909502E4-E191-43B7-8340-3F758EC4B804}.Debug|x86.ActiveCfg = Debug|Win32
		{909502E4-E191-43B7-8340-3F758EC4B804}.Debug|x86.Build.0 = Debug|Win32
		{909502E4-E191-43B7-8340-3F758EC4B804}.Release|x64.ActiveCfg = Release|x64
		{909502E4-E191-43B7-8340-3F758EC4B804}.Release|x64.Build.0 = Release|x64
		{909502E4-E191-43B7-8340-3F758EC4B804}.Release|x86.ActiveCfg = Release|Win32
		{909502E4-E191-43B7-8340-3F758EC4B804}.Release|x86.Build.0 = Release|Win32
		{0B5F471C-E58F-4087-A557-D1136E090D42}.Debug|x64.ActiveCfg = Debug|x64
		{0B5F471C-E58F-4087-A557-D1136E090D42}.Debug|x64.Build.0 = Debug|x64
		{0B5F471C-E58F-4087-A557-D1136E090D42}.Debug|x86.ActiveCfg = Debug|Win32
		{0B5F471C-E58F-4087-A557-D1136E090D42}.Debug|x86.Build.0 = Debug|Win32
		{0B5F471C-E58F-4087-A557-D1136E090D42}.Release|x64.ActiveCfg = Release|x64
		{0B5F471C-E58F-4087-A557-D1136E090D42}.Release|x64.Build.0 = Release|x64
		{0B5F471C-E58F-4087-A557-D1136E090D42}.Release|x86.ActiveCfg = Release|Win32
		{0B5F471C-E58F-4087-A557-D1136E090D42}.Release|x86.Build.0 = Release|Win32
		{7B6D33BB-36BE-462E-A5DC-28A532E9DECD}.Debug|x64.ActiveCfg = Debug|x64
		{7B6D33BB-36BE-462E-A5DC-28A532E9DECD}.Debug|x64.Build.0 = Debug|x64
		{7B6D33BB-36BE-462E-A5DC-28A532E9DECD}.Debug|x86.ActiveCfg = Debug|Win32
		{7B6D33BB-36BE-462E-A5DC-28A532E9DECD}.Debug|x86.Build.0 = Debug|Win32
		{7B6D33BB-36BE-462E-A5DC-28A532E9DECD}.Release|x64.ActiveCfg = Release|x64
		{7B6D33BB-36BE-462E-A5DC-28A532E9DECD}.Release|x64.Build.0 = Release|x64
		{7B6D33BB-36BE-462E-A5DC-28A532E9DECD}.Release|x86.ActiveCfg = Release|Win32
		{7B6D33BB-36BE-462E-A5DC-28A532E9DECD}.Release|x86.Build.0 = Release|Win32
		{9BC66F1B-A4B1-48CF-8380-C012BC551C9C}.Debug|x64.ActiveCfg = Debug|x64
		{9BC66F1B-A4B1-48CF-8380-C012BC551C9C}.Debug|x64.Build.0 = Debug|x64
		{9BC66F1B-A4B1-48CF-8380-C012BC551C9C}.Debug|x86.ActiveCfg = Debug|Win32
		{9BC66F1B-A4B1-48CF-8380-C012BC551C9C}.Debug|x86.Build.0 = Debug|Win32
		{9BC66F1B-A4B1-48CF-8380-C012BC551C9C}.Release|x64.ActiveCfg = Release|x64
		{9BC66F1B-A4B1-48CF-8380-C012BC551C9C}.Release|x64.Build.0 = Release|x64
		{9BC66F1B-A4B1-48CF-8380-C012BC551C9C}.Release|x86.ActiveCfg = Release|Win32
		{9BC66F1B-A4B1-48CF-8380-C012BC551C9C}.Release|x86.Build.0 = Release|Win32
		{1803E6D9-5559-4E69-984D-0D3B684FE02E}.Debug|x64.ActiveCfg = Debug|x64
		{1803E6D9-5559-4E69-984D-0D3B684FE02E}.Debug|x64.Build.0 = Debug|x64
		{1803E6D9-5559-4E69-984D-0D3B684FE02E}.Debug|x86.ActiveCfg = Debug|Win32
		{1803E6D9-5559-4E69-984D-0D3B684FE02E}.Debug|x86.Build.0 = Debug|Win32
		{1803E6D9-5559-4E69-984D-0D3B684FE02E}.Release|x64.ActiveCfg = Release|x64
		{1803E6D9-5559-4E69-984D-0D3B684FE02E}.Release|x64.Build.0 = Release|x64
		{1803E6D9-5559-4E69-984D-0D3B684FE02E}.Release|x86.ActiveCfg = Release|Win32
		{1803E6D9-5559-4E69-984D-0D3B684FE02E}.Release|x86.Build.0 = Release|Win32
	EndGlobalSection
	GlobalSection(SolutionProperties) = preSolution
		HideSolutionNode = FALSE
	EndGlobalSection
	GlobalSection(ExtensibilityGlobals) = postSolution
		SolutionGuid = {4E995871-B05E-4228-A158-AF51502ACFCB}
	EndGlobalSection
EndGlobal
