<?xml version="1.0" encoding="utf-8"?>
<Project ToolsVersion="4.0" xmlns="http://schemas.microsoft.com/developer/msbuild/2003">
  <ItemGroup>
    <Filter Include="源文件">
      <UniqueIdentifier>{4FC737F1-C7A5-4376-A066-2A32D752A2FF}</UniqueIdentifier>
      <Extensions>cpp;c;cc;cxx;c++;def;odl;idl;hpj;bat;asm;asmx</Extensions>
    </Filter>
    <Filter Include="头文件">
      <UniqueIdentifier>{93995380-89BD-4b04-88EB-625FBE52EBFB}</UniqueIdentifier>
      <Extensions>h;hh;hpp;hxx;h++;hm;inl;inc;ipp;xsd</Extensions>
    </Filter>
    <Filter Include="资源文件">
      <UniqueIdentifier>{67DA6AB6-F800-4c08-8B7A-83BB121AAD01}</UniqueIdentifier>
      <Extensions>rc;ico;cur;bmp;dlg;rc2;rct;bin;rgs;gif;jpg;jpeg;jpe;resx;tiff;tif;png;wav;mfcribbon-ms</Extensions>
    </Filter>
  </ItemGroup>
  <ItemGroup>
<<<<<<< HEAD
    <ClInclude Include="draw3.h">
=======
    <ClInclude Include="demo3.h">
>>>>>>> 9e554366a77ae3dcece734b3397a645223ff5948
      <Filter>头文件</Filter>
    </ClInclude>
    <ClInclude Include="framework.h">
      <Filter>头文件</Filter>
    </ClInclude>
    <ClInclude Include="targetver.h">
      <Filter>头文件</Filter>
    </ClInclude>
    <ClInclude Include="MainFrm.h">
      <Filter>头文件</Filter>
    </ClInclude>
<<<<<<< HEAD
    <ClInclude Include="draw3Doc.h">
      <Filter>头文件</Filter>
    </ClInclude>
    <ClInclude Include="draw3View.h">
=======
    <ClInclude Include="demo3Doc.h">
      <Filter>头文件</Filter>
    </ClInclude>
    <ClInclude Include="demo3View.h">
>>>>>>> 9e554366a77ae3dcece734b3397a645223ff5948
      <Filter>头文件</Filter>
    </ClInclude>
    <ClInclude Include="Resource.h">
      <Filter>头文件</Filter>
    </ClInclude>
    <ClInclude Include="pch.h">
      <Filter>头文件</Filter>
    </ClInclude>
  </ItemGroup>
  <ItemGroup>
<<<<<<< HEAD
    <ClCompile Include="draw3.cpp">
=======
    <ClCompile Include="demo3.cpp">
>>>>>>> 9e554366a77ae3dcece734b3397a645223ff5948
      <Filter>源文件</Filter>
    </ClCompile>
    <ClCompile Include="MainFrm.cpp">
      <Filter>源文件</Filter>
    </ClCompile>
<<<<<<< HEAD
    <ClCompile Include="draw3Doc.cpp">
      <Filter>源文件</Filter>
    </ClCompile>
    <ClCompile Include="draw3View.cpp">
=======
    <ClCompile Include="demo3Doc.cpp">
      <Filter>源文件</Filter>
    </ClCompile>
    <ClCompile Include="demo3View.cpp">
>>>>>>> 9e554366a77ae3dcece734b3397a645223ff5948
      <Filter>源文件</Filter>
    </ClCompile>
    <ClCompile Include="pch.cpp">
      <Filter>源文件</Filter>
    </ClCompile>
  </ItemGroup>
  <ItemGroup>
<<<<<<< HEAD
    <ResourceCompile Include="draw3.rc">
=======
    <ResourceCompile Include="demo3.rc">
>>>>>>> 9e554366a77ae3dcece734b3397a645223ff5948
      <Filter>资源文件</Filter>
    </ResourceCompile>
  </ItemGroup>
  <ItemGroup>
<<<<<<< HEAD
    <None Include="res\draw3.rc2">
=======
    <None Include="res\demo3.rc2">
>>>>>>> 9e554366a77ae3dcece734b3397a645223ff5948
      <Filter>资源文件</Filter>
    </None>
  </ItemGroup>
  <ItemGroup>
<<<<<<< HEAD
    <Image Include="res\draw3Doc.ico">
      <Filter>资源文件</Filter>
    </Image>
    <Image Include="res\draw3.ico">
=======
    <Image Include="res\demo3Doc.ico">
      <Filter>资源文件</Filter>
    </Image>
    <Image Include="res\demo3.ico">
>>>>>>> 9e554366a77ae3dcece734b3397a645223ff5948
      <Filter>资源文件</Filter>
    </Image>
    <Image Include="res\Toolbar.bmp">
      <Filter>资源文件</Filter>
    </Image>
  </ItemGroup>
</Project>